
Microsoft Visual Studio Solution File, Format Version 12.00
# Visual Studio 15
VisualStudioVersion = 15.0.28307.271
MinimumVisualStudioVersion = 10.0.40219.1
Project("{FAE04EC0-301F-11D3-BF4B-00C04F79EFBC}") = "01 - Data Access Layer", "CarRent\01 - Data Access Layer.csproj", "{EE4BC9BC-8788-4948-A418-A110B9C7DCEB}"
EndProject
Project("{FAE04EC0-301F-11D3-BF4B-00C04F79EFBC}") = "02 - Business Logic Layer", "02 - Business Logic Layer\02 - Business Logic Layer.csproj", "{276DBCAD-97B5-4525-B9EA-87142BBAED36}"
EndProject
Project("{FAE04EC0-301F-11D3-BF4B-00C04F79EFBC}") = "03 - Web Api", "03 - Web Api\03 - Web Api.csproj", "{89427E36-0C08-46E9-B369-6DED5F440665}"
EndProject
Global
	GlobalSection(SolutionConfigurationPlatforms) = preSolution
		Debug|Any CPU = Debug|Any CPU
		Release|Any CPU = Release|Any CPU
	EndGlobalSection
	GlobalSection(ProjectConfigurationPlatforms) = postSolution
		{EE4BC9BC-8788-4948-A418-A110B9C7DCEB}.Debug|Any CPU.ActiveCfg = Debug|Any CPU
		{EE4BC9BC-8788-4948-A418-A110B9C7DCEB}.Debug|Any CPU.Build.0 = Debug|Any CPU
		{EE4BC9BC-8788-4948-A418-A110B9C7DCEB}.Release|Any CPU.ActiveCfg = Release|Any CPU
		{EE4BC9BC-8788-4948-A418-A110B9C7DCEB}.Release|Any CPU.Build.0 = Release|Any CPU
		{276DBCAD-97B5-4525-B9EA-87142BBAED36}.Debug|Any CPU.ActiveCfg = Debug|Any CPU
		{276DBCAD-97B5-4525-B9EA-87142BBAED36}.Debug|Any CPU.Build.0 = Debug|Any CPU
		{276DBCAD-97B5-4525-B9EA-87142BBAED36}.Release|Any CPU.ActiveCfg = Release|Any CPU
		{276DBCAD-97B5-4525-B9EA-87142BBAED36}.Release|Any CPU.Build.0 = Release|Any CPU
		{89427E36-0C08-46E9-B369-6DED5F440665}.Debug|Any CPU.ActiveCfg = Debug|Any CPU
		{89427E36-0C08-46E9-B369-6DED5F440665}.Debug|Any CPU.Build.0 = Debug|Any CPU
		{89427E36-0C08-46E9-B369-6DED5F440665}.Release|Any CPU.ActiveCfg = Release|Any CPU
		{89427E36-0C08-46E9-B369-6DED5F440665}.Release|Any CPU.Build.0 = Release|Any CPU
	EndGlobalSection
	GlobalSection(SolutionProperties) = preSolution
		HideSolutionNode = FALSE
	EndGlobalSection
	GlobalSection(ExtensibilityGlobals) = postSolution
		SolutionGuid = {288D7AE2-C988-4B1A-9482-6F35F681A38A}
	EndGlobalSection
EndGlobal
